
Microsoft Visual Studio Solution File, Format Version 12.00
# Visual Studio 2015
Project("{FAE04EC0-301F-11D3-BF4B-00C04F79EFBC}") = "Nauka GameAIProgramingCookbook.CSharp", "Nauka GameAIProgramingCookbook.CSharp.csproj", "{FF8FD573-2385-DB21-6071-FB10E521FA4A}"
EndProject
Project("{FAE04EC0-301F-11D3-BF4B-00C04F79EFBC}") = "Nauka GameAIProgramingCookbook.CSharp.Editor", "Nauka GameAIProgramingCookbook.CSharp.Editor.csproj", "{721A9016-3067-F602-A624-015F9FE71684}"
EndProject
Global
	GlobalSection(SolutionConfigurationPlatforms) = preSolution
		Debug|Any CPU = Debug|Any CPU
		Release|Any CPU = Release|Any CPU
	EndGlobalSection
	GlobalSection(ProjectConfigurationPlatforms) = postSolution
		{FF8FD573-2385-DB21-6071-FB10E521FA4A}.Debug|Any CPU.ActiveCfg = Debug|Any CPU
		{FF8FD573-2385-DB21-6071-FB10E521FA4A}.Debug|Any CPU.Build.0 = Debug|Any CPU
		{FF8FD573-2385-DB21-6071-FB10E521FA4A}.Release|Any CPU.ActiveCfg = Release|Any CPU
		{FF8FD573-2385-DB21-6071-FB10E521FA4A}.Release|Any CPU.Build.0 = Release|Any CPU
		{721A9016-3067-F602-A624-015F9FE71684}.Debug|Any CPU.ActiveCfg = Debug|Any CPU
		{721A9016-3067-F602-A624-015F9FE71684}.Debug|Any CPU.Build.0 = Debug|Any CPU
		{721A9016-3067-F602-A624-015F9FE71684}.Release|Any CPU.ActiveCfg = Release|Any CPU
		{721A9016-3067-F602-A624-015F9FE71684}.Release|Any CPU.Build.0 = Release|Any CPU
	EndGlobalSection
	GlobalSection(SolutionProperties) = preSolution
		HideSolutionNode = FALSE
	EndGlobalSection
EndGlobal
